{
  "version": 4,
  "terraform_version": "0.12.8",
  "serial": 9,
  "lineage": "9b7fafcb-fcc1-120f-60aa-687597fd44de",
  "outputs": {},
  "resources": [
    {
      "module": "module.windows_vm",
      "mode": "managed",
      "type": "azurerm_network_interface",
      "name": "windows_nic",
      "provider": "provider.azurerm",
      "instances": [
        {
          "schema_version": 0,
          "attributes": {
            "applied_dns_servers": [],
            "dns_servers": [],
            "enable_accelerated_networking": false,
            "enable_ip_forwarding": false,
            "id": "/subscriptions/285cacbe-846b-4488-ba76-7c6c6665fd42/resourceGroups/Network-Test/providers/Microsoft.Network/networkInterfaces/WS01-NIC",
            "internal_dns_name_label": "",
            "internal_fqdn": "",
            "ip_configuration": [
              {
                "application_gateway_backend_address_pools_ids": [],
                "application_security_group_ids": [],
                "load_balancer_backend_address_pools_ids": [],
                "load_balancer_inbound_nat_rules_ids": [],
                "name": "ipconfig",
                "primary": true,
                "private_ip_address": "",
                "private_ip_address_allocation": "dynamic",
                "private_ip_address_version": "IPv4",
                "public_ip_address_id": "",
                "subnet_id": "/subscriptions/285cacbe-846b-4488-ba76-7c6c6665fd42/resourceGroups/Network-Test/providers/Microsoft.Network/virtualNetworks/FLOAPP-VNet-Test/subnets/LAN"
              }
            ],
            "location": "westeurope",
            "mac_address": "00-0D-3A-AA-41-5D",
            "name": "WS01-NIC",
            "network_security_group_id": "",
            "private_ip_address": "10.0.0.4",
            "private_ip_addresses": [
              "10.0.0.4"
            ],
            "resource_group_name": "Network-Test",
            "tags": {},
            "virtual_machine_id": "/subscriptions/285cacbe-846b-4488-ba76-7c6c6665fd42/resourceGroups/Network-Test/providers/Microsoft.Compute/virtualMachines/WS01"
          },
          "private": "bnVsbA=="
        }
      ]
    },
    {
      "mode": "managed",
      "type": "azurerm_resource_group",
      "name": "rg_network",
      "provider": "provider.azurerm",
      "instances": [
        {
          "schema_version": 0,
          "attributes": {
            "id": "/subscriptions/285cacbe-846b-4488-ba76-7c6c6665fd42/resourceGroups/Network-Test",
            "location": "westeurope",
            "name": "Network-Test",
            "tags": {}
          },
          "private": "bnVsbA=="
        }
      ]
    },
    {
      "module": "module.create_network",
      "mode": "managed",
      "type": "azurerm_subnet",
      "name": "mgmt_sub_db",
      "provider": "provider.azurerm",
      "instances": [
        {
          "schema_version": 0,
          "attributes": {
            "address_prefix": "10.0.0.0/24",
            "delegation": [],
            "id": "/subscriptions/285cacbe-846b-4488-ba76-7c6c6665fd42/resourceGroups/Network-Test/providers/Microsoft.Network/virtualNetworks/FLOAPP-VNet-Test/subnets/LAN",
            "ip_configurations": [
              "/subscriptions/285cacbe-846b-4488-ba76-7c6c6665fd42/resourceGroups/Network-Test/providers/Microsoft.Network/networkInterfaces/WS01-NIC/ipConfigurations/ipconfig"
            ],
            "name": "LAN",
            "network_security_group_id": "",
            "resource_group_name": "Network-Test",
            "route_table_id": "",
            "service_endpoints": [],
            "virtual_network_name": "FLOAPP-VNet-Test"
          }
        }
      ]
    },
    {
      "module": "module.windows_vm",
      "mode": "managed",
      "type": "azurerm_virtual_machine",
      "name": "windows_vm",
      "provider": "provider.azurerm",
      "instances": [
        {
          "schema_version": 0,
          "attributes": {
            "additional_capabilities": [],
            "availability_set_id": null,
            "boot_diagnostics": [],
            "delete_data_disks_on_termination": true,
            "delete_os_disk_on_termination": true,
            "id": "/subscriptions/285cacbe-846b-4488-ba76-7c6c6665fd42/resourceGroups/Network-Test/providers/Microsoft.Compute/virtualMachines/WS01",
            "identity": [],
            "license_type": null,
            "location": "westeurope",
            "name": "WS01",
            "network_interface_ids": [
              "/subscriptions/285cacbe-846b-4488-ba76-7c6c6665fd42/resourceGroups/Network-Test/providers/Microsoft.Network/networkInterfaces/WS01-NIC"
            ],
            "os_profile": [
              {
                "admin_password": "",
                "admin_username": "pocuser",
                "computer_name": "WS01",
                "custom_data": ""
              }
            ],
            "os_profile_linux_config": [],
            "os_profile_secrets": [],
            "os_profile_windows_config": [
              {
                "additional_unattend_config": [],
                "enable_automatic_upgrades": false,
                "provision_vm_agent": true,
                "timezone": "Romance Standard Time",
                "winrm": []
              }
            ],
            "plan": [],
            "primary_network_interface_id": null,
            "proximity_placement_group_id": null,
            "resource_group_name": "Network-Test",
            "storage_data_disk": [],
            "storage_image_reference": [
              {
                "id": "",
                "offer": "WindowsServer",
                "publisher": "MicrosoftWindowsServer",
                "sku": "2019-Datacenter",
                "version": "latest"
              }
            ],
            "storage_os_disk": [
              {
                "caching": "ReadWrite",
                "create_option": "FromImage",
                "disk_size_gb": 127,
                "image_uri": "",
                "managed_disk_id": "/subscriptions/285cacbe-846b-4488-ba76-7c6c6665fd42/resourceGroups/Network-Test/providers/Microsoft.Compute/disks/WS01-OS",
                "managed_disk_type": "Standard_LRS",
                "name": "WS01-OS",
                "os_type": "Windows",
                "vhd_uri": "",
                "write_accelerator_enabled": false
              }
            ],
            "tags": {},
            "vm_size": "Standard_D2s_v3",
            "zones": []
          },
          "private": "bnVsbA==",
          "depends_on": [
            "azurerm_network_interface.windows_nic"
          ]
        }
      ]
    },
    {
      "module": "module.create_network",
      "mode": "managed",
      "type": "azurerm_virtual_network",
      "name": "mgmt_vnet",
      "provider": "provider.azurerm",
      "instances": [
        {
          "schema_version": 0,
          "attributes": {
            "address_space": [
              "10.0.0.0/8"
            ],
            "ddos_protection_plan": [],
            "dns_servers": [
              "8.8.8.8"
            ],
            "id": "/subscriptions/285cacbe-846b-4488-ba76-7c6c6665fd42/resourceGroups/Network-Test/providers/Microsoft.Network/virtualNetworks/FLOAPP-VNet-Test",
            "location": "westeurope",
            "name": "FLOAPP-VNet-Test",
            "resource_group_name": "Network-Test",
            "subnet": [
              {
                "address_prefix": "10.0.0.0/24",
                "id": "/subscriptions/285cacbe-846b-4488-ba76-7c6c6665fd42/resourceGroups/Network-Test/providers/Microsoft.Network/virtualNetworks/FLOAPP-VNet-Test/subnets/LAN",
                "name": "LAN",
                "security_group": ""
              }
            ],
            "tags": {}
          },
          "private": "bnVsbA=="
        }
      ]
    }
  ]
}
